Microsoft Visual Studio Solution File, Format Version 12.00
# Visual Studio Version 17
VisualStudioVersion = 17.5.2.0
MinimumVisualStudioVersion = 10.0.40219.1
Project("{FAE04EC0-301F-11D3-BF4B-00C04F79EFBC}") = "RewardConsole", "RewardConsole.csproj", "{F033842D-6574-EDAE-0E5C-3276F25F6E8F}"
EndProject
Global
	GlobalSection(SolutionConfigurationPlatforms) = preSolution
		Debug|Any CPU = Debug|Any CPU
		Release|Any CPU = Release|Any CPU
	EndGlobalSection
	GlobalSection(ProjectConfigurationPlatforms) = postSolution
		{F033842D-6574-EDAE-0E5C-3276F25F6E8F}.Debug|Any CPU.ActiveCfg = Debug|Any CPU
		{F033842D-6574-EDAE-0E5C-3276F25F6E8F}.Debug|Any CPU.Build.0 = Debug|Any CPU
		{F033842D-6574-EDAE-0E5C-3276F25F6E8F}.Release|Any CPU.ActiveCfg = Release|Any CPU
		{F033842D-6574-EDAE-0E5C-3276F25F6E8F}.Release|Any CPU.Build.0 = Release|Any CPU
	EndGlobalSection
	GlobalSection(SolutionProperties) = preSolution
		HideSolutionNode = FALSE
	EndGlobalSection
	GlobalSection(ExtensibilityGlobals) = postSolution
		SolutionGuid = {E060F968-F737-42FE-97D3-EBC15DD1EE84}
	EndGlobalSection
EndGlobal
